
Microsoft Visual Studio Solution File, Format Version 12.00
# Visual Studio Version 16
VisualStudioVersion = 16.0.32002.261
MinimumVisualStudioVersion = 10.0.40219.1
Project("{9A19103F-16F7-4668-BE54-9A1E7A4F7556}") = "R5T.F0031", "R5T.F0031\R5T.F0031.csproj", "{1703B7ED-CF9F-4FB4-B3EA-6426D26708B7}"
EndProject
Global
	GlobalSection(SolutionConfigurationPlatforms) = preSolution
		Debug|Any CPU = Debug|Any CPU
		Release|Any CPU = Release|Any CPU
	EndGlobalSection
	GlobalSection(ProjectConfigurationPlatforms) = postSolution
		{1703B7ED-CF9F-4FB4-B3EA-6426D26708B7}.Debug|Any CPU.ActiveCfg = Debug|Any CPU
		{1703B7ED-CF9F-4FB4-B3EA-6426D26708B7}.Debug|Any CPU.Build.0 = Debug|Any CPU
		{1703B7ED-CF9F-4FB4-B3EA-6426D26708B7}.Release|Any CPU.ActiveCfg = Release|Any CPU
		{1703B7ED-CF9F-4FB4-B3EA-6426D26708B7}.Release|Any CPU.Build.0 = Release|Any CPU
	EndGlobalSection
	GlobalSection(SolutionProperties) = preSolution
		HideSolutionNode = FALSE
	EndGlobalSection
	GlobalSection(ExtensibilityGlobals) = postSolution
		SolutionGuid = {0BFC02A8-D917-44D7-B798-B4552EFDED1A}
	EndGlobalSection
EndGlobal
