
Microsoft Visual Studio Solution File, Format Version 12.00
# Visual Studio Version 16
VisualStudioVersion = 16.0.32002.261
MinimumVisualStudioVersion = 10.0.40219.1
Project("{9A19103F-16F7-4668-BE54-9A1E7A4F7556}") = "R5T.F0031", "R5T.F0031\R5T.F0031.csproj", "{1703B7ED-CF9F-4FB4-B3EA-6426D26708B7}"
EndProject
Project("{2150E333-8FDC-42A3-9474-1A3956D46DE8}") = "_Dependencies", "_Dependencies", "{E82F185A-29CD-43DB-9AEB-E4C8BBA499C0}"
EndProject
Project("{9A19103F-16F7-4668-BE54-9A1E7A4F7556}") = "R5T.L0025", "..\..\R5T.L0025\source\R5T.L0025\R5T.L0025.csproj", "{F7D3754C-10C5-4455-A867-945661C7AD62}"
EndProject
Project("{9A19103F-16F7-4668-BE54-9A1E7A4F7556}") = "R5T.T0132", "..\..\R5T.T0132\source\R5T.T0132\R5T.T0132.csproj", "{4370DD7D-B215-41E4-93F7-DA0026934C5D}"
EndProject
Project("{9A19103F-16F7-4668-BE54-9A1E7A4F7556}") = "R5T.F0031.F001", "R5T.F0031.F001\R5T.F0031.F001.csproj", "{848D6103-3B3F-4FE8-8681-18C4E965378D}"
EndProject
Project("{9A19103F-16F7-4668-BE54-9A1E7A4F7556}") = "R5T.L0010", "..\..\R5T.L0010\source\R5T.L0010\R5T.L0010.csproj", "{0BDBA53A-EA8A-41BC-BFEB-EF03449ECABE}"
EndProject
Global
	GlobalSection(SolutionConfigurationPlatforms) = preSolution
		Debug|Any CPU = Debug|Any CPU
		Release|Any CPU = Release|Any CPU
	EndGlobalSection
	GlobalSection(ProjectConfigurationPlatforms) = postSolution
		{1703B7ED-CF9F-4FB4-B3EA-6426D26708B7}.Debug|Any CPU.ActiveCfg = Debug|Any CPU
		{1703B7ED-CF9F-4FB4-B3EA-6426D26708B7}.Debug|Any CPU.Build.0 = Debug|Any CPU
		{1703B7ED-CF9F-4FB4-B3EA-6426D26708B7}.Release|Any CPU.ActiveCfg = Release|Any CPU
		{1703B7ED-CF9F-4FB4-B3EA-6426D26708B7}.Release|Any CPU.Build.0 = Release|Any CPU
		{F7D3754C-10C5-4455-A867-945661C7AD62}.Debug|Any CPU.ActiveCfg = Debug|Any CPU
		{F7D3754C-10C5-4455-A867-945661C7AD62}.Debug|Any CPU.Build.0 = Debug|Any CPU
		{F7D3754C-10C5-4455-A867-945661C7AD62}.Release|Any CPU.ActiveCfg = Release|Any CPU
		{F7D3754C-10C5-4455-A867-945661C7AD62}.Release|Any CPU.Build.0 = Release|Any CPU
		{4370DD7D-B215-41E4-93F7-DA0026934C5D}.Debug|Any CPU.ActiveCfg = Debug|Any CPU
		{4370DD7D-B215-41E4-93F7-DA0026934C5D}.Debug|Any CPU.Build.0 = Debug|Any CPU
		{4370DD7D-B215-41E4-93F7-DA0026934C5D}.Release|Any CPU.ActiveCfg = Release|Any CPU
		{4370DD7D-B215-41E4-93F7-DA0026934C5D}.Release|Any CPU.Build.0 = Release|Any CPU
		{848D6103-3B3F-4FE8-8681-18C4E965378D}.Debug|Any CPU.ActiveCfg = Debug|Any CPU
		{848D6103-3B3F-4FE8-8681-18C4E965378D}.Debug|Any CPU.Build.0 = Debug|Any CPU
		{848D6103-3B3F-4FE8-8681-18C4E965378D}.Release|Any CPU.ActiveCfg = Release|Any CPU
		{848D6103-3B3F-4FE8-8681-18C4E965378D}.Release|Any CPU.Build.0 = Release|Any CPU
		{0BDBA53A-EA8A-41BC-BFEB-EF03449ECABE}.Debug|Any CPU.ActiveCfg = Debug|Any CPU
		{0BDBA53A-EA8A-41BC-BFEB-EF03449ECABE}.Debug|Any CPU.Build.0 = Debug|Any CPU
		{0BDBA53A-EA8A-41BC-BFEB-EF03449ECABE}.Release|Any CPU.ActiveCfg = Release|Any CPU
		{0BDBA53A-EA8A-41BC-BFEB-EF03449ECABE}.Release|Any CPU.Build.0 = Release|Any CPU
	EndGlobalSection
	GlobalSection(SolutionProperties) = preSolution
		HideSolutionNode = FALSE
	EndGlobalSection
	GlobalSection(NestedProjects) = preSolution
		{1703B7ED-CF9F-4FB4-B3EA-6426D26708B7} = {E82F185A-29CD-43DB-9AEB-E4C8BBA499C0}
		{F7D3754C-10C5-4455-A867-945661C7AD62} = {E82F185A-29CD-43DB-9AEB-E4C8BBA499C0}
		{4370DD7D-B215-41E4-93F7-DA0026934C5D} = {E82F185A-29CD-43DB-9AEB-E4C8BBA499C0}
		{0BDBA53A-EA8A-41BC-BFEB-EF03449ECABE} = {E82F185A-29CD-43DB-9AEB-E4C8BBA499C0}
	EndGlobalSection
	GlobalSection(ExtensibilityGlobals) = postSolution
		SolutionGuid = {0BFC02A8-D917-44D7-B798-B4552EFDED1A}
	EndGlobalSection
EndGlobal
